// !$*UTF8*$!
{
	archiveVersion = 1;
	classes = {
	};
	objectVersion = 52;
	objects = {

/* Begin PBXBuildFile section */
		CCBDFC7624D74A5C00D758CB /* KikApplication in Frameworks */ = {isa = PBXBuildFile; productRef = CCBDFC7524D74A5C00D758CB /* KikApplication */; };
		CCBDFC7724D74A5C00D758CB /* KikApplication in Embed Frameworks */ = {isa = PBXBuildFile; productRef = CCBDFC7524D74A5C00D758CB /* KikApplication */; settings = {ATTRIBUTES = (CodeSignOnCopy, ); }; };
		EF16ACAD22F0C4060000A7AD /* AppDelegate.swift in Sources */ = {isa = PBXBuildFile; fileRef = EF16ACAC22F0C4060000A7AD /* AppDelegate.swift */; };
		EF16ACAF22F0C4060000A7AD /* SceneDelegate.swift in Sources */ = {isa = PBXBuildFile; fileRef = EF16ACAE22F0C4060000A7AD /* SceneDelegate.swift */; };
		EF16ACB322F0C4090000A7AD /* Assets.xcassets in Resources */ = {isa = PBXBuildFile; fileRef = EF16ACB222F0C4080000A7AD /* Assets.xcassets */; };
		EF16ACB622F0C4090000A7AD /* Preview Assets.xcassets in Resources */ = {isa = PBXBuildFile; fileRef = EF16ACB522F0C4090000A7AD /* Preview Assets.xcassets */; };
		EF16ACB922F0C4090000A7AD /* LaunchScreen.storyboard in Resources */ = {isa = PBXBuildFile; fileRef = EF16ACB722F0C4090000A7AD /* LaunchScreen.storyboard */; };
/* End PBXBuildFile section */

/* Begin PBXCopyFilesBuildPhase section */
		CCF080FD24CE0D2A0087C909 /* Embed Frameworks */ = {
			isa = PBXCopyFilesBuildPhase;
			buildActionMask = 2147483647;
			dstPath = "";
			dstSubfolderSpec = 10;
			files = (
				CCBDFC7724D74A5C00D758CB /* KikApplication in Embed Frameworks */,
			);
			name = "Embed Frameworks";
			runOnlyForDeploymentPostprocessing = 0;
		};
/* End PBXCopyFilesBuildPhase section */

/* Begin PBXFileReference section */
		EF16ACA922F0C4060000A7AD /* Kik.app */ = {isa = PBXFileReference; explicitFileType = wrapper.application; includeInIndex = 0; path = Kik.app; sourceTree = BUILT_PRODUCTS_DIR; };
		EF16ACAC22F0C4060000A7AD /* AppDelegate.swift */ = {isa = PBXFileReference; lastKnownFileType = sourcecode.swift; path = AppDelegate.swift; sourceTree = "<group>"; };
		EF16ACAE22F0C4060000A7AD /* SceneDelegate.swift */ = {isa = PBXFileReference; lastKnownFileType = sourcecode.swift; path = SceneDelegate.swift; sourceTree = "<group>"; };
		EF16ACB222F0C4080000A7AD /* Assets.xcassets */ = {isa = PBXFileReference; lastKnownFileType = folder.assetcatalog; path = Assets.xcassets; sourceTree = "<group>"; };
		EF16ACB522F0C4090000A7AD /* Preview Assets.xcassets */ = {isa = PBXFileReference; lastKnownFileType = folder.assetcatalog; path = "Preview Assets.xcassets"; sourceTree = "<group>"; };
		EF16ACB822F0C4090000A7AD /* Base */ = {isa = PBXFileReference; lastKnownFileType = file.storyboard; name = Base; path = Base.lproj/LaunchScreen.storyboard; sourceTree = "<group>"; };
		EF16ACBA22F0C4090000A7AD /* Info.plist */ = {isa = PBXFileReference; lastKnownFileType = text.plist.xml; path = Info.plist; sourceTree = "<group>"; };
/* End PBXFileReference section */

/* Begin PBXFrameworksBuildPhase section */
		EF16ACA622F0C4060000A7AD /* Frameworks */ = {
			isa = PBXFrameworksBuildPhase;
			buildActionMask = 2147483647;
			files = (
				CCBDFC7624D74A5C00D758CB /* KikApplication in Frameworks */,
			);
			runOnlyForDeploymentPostprocessing = 0;
		};
/* End PBXFrameworksBuildPhase section */

/* Begin PBXGroup section */
		0D040CC481C81D273D5396D4 /* Frameworks */ = {
			isa = PBXGroup;
			children = (
			);
			name = Frameworks;
			sourceTree = "<group>";
		};
		EF16ACA022F0C4060000A7AD = {
			isa = PBXGroup;
			children = (
				EF16ACAB22F0C4060000A7AD /* Kik */,
				EF16ACAA22F0C4060000A7AD /* Products */,
				0D040CC481C81D273D5396D4 /* Frameworks */,
			);
			sourceTree = "<group>";
		};
		EF16ACAA22F0C4060000A7AD /* Products */ = {
			isa = PBXGroup;
			children = (
				EF16ACA922F0C4060000A7AD /* Kik.app */,
			);
			name = Products;
			sourceTree = "<group>";
		};
		EF16ACAB22F0C4060000A7AD /* Kik */ = {
			isa = PBXGroup;
			children = (
				EF16ACBA22F0C4090000A7AD /* Info.plist */,
				EF16ACAC22F0C4060000A7AD /* AppDelegate.swift */,
				EF16ACAE22F0C4060000A7AD /* SceneDelegate.swift */,
				EF16ACB222F0C4080000A7AD /* Assets.xcassets */,
				EF16ACB722F0C4090000A7AD /* LaunchScreen.storyboard */,
				EF16ACB422F0C4090000A7AD /* Preview Content */,
			);
			path = Kik;
			sourceTree = "<group>";
		};
		EF16ACB422F0C4090000A7AD /* Preview Content */ = {
			isa = PBXGroup;
			children = (
				EF16ACB522F0C4090000A7AD /* Preview Assets.xcassets */,
			);
			path = "Preview Content";
			sourceTree = "<group>";
		};
/* End PBXGroup section */

/* Begin PBXNativeTarget section */
		EF16ACA822F0C4060000A7AD /* Kik */ = {
			isa = PBXNativeTarget;
			buildConfigurationList = EF16ACD322F0C4090000A7AD /* Build configuration list for PBXNativeTarget "Kik" */;
			buildPhases = (
				EF16ACA522F0C4060000A7AD /* Sources */,
				EF16ACA622F0C4060000A7AD /* Frameworks */,
				EF16ACA722F0C4060000A7AD /* Resources */,
				CCF080FD24CE0D2A0087C909 /* Embed Frameworks */,
			);
			buildRules = (
			);
			dependencies = (
			);
			name = Kik;
			packageProductDependencies = (
				CCBDFC7524D74A5C00D758CB /* KikApplication */,
			);
			productName = Kik;
			productReference = EF16ACA922F0C4060000A7AD /* Kik.app */;
			productType = "com.apple.product-type.application";
		};
/* End PBXNativeTarget section */

/* Begin PBXProject section */
		EF16ACA122F0C4060000A7AD /* Project object */ = {
			isa = PBXProject;
			attributes = {
				LastSwiftUpdateCheck = 1100;
				LastUpgradeCheck = 1200;
				ORGANIZATIONNAME = A.C.M.E.;
				TargetAttributes = {
					EF16ACA822F0C4060000A7AD = {
						CreatedOnToolsVersion = 11.0;
					};
				};
			};
			buildConfigurationList = EF16ACA422F0C4060000A7AD /* Build configuration list for PBXProject "Kik" */;
			compatibilityVersion = "Xcode 9.3";
			developmentRegion = en;
			hasScannedForEncodings = 0;
			knownRegions = (
				en,
				Base,
			);
			mainGroup = EF16ACA022F0C4060000A7AD;
			packageReferences = (
			);
			productRefGroup = EF16ACAA22F0C4060000A7AD /* Products */;
			projectDirPath = "";
			projectRoot = "";
			targets = (
				EF16ACA822F0C4060000A7AD /* Kik */,
			);
		};
/* End PBXProject section */

/* Begin PBXResourcesBuildPhase section */
		EF16ACA722F0C4060000A7AD /* Resources */ = {
			isa = PBXResourcesBuildPhase;
			buildActionMask = 2147483647;
			files = (
				EF16ACB922F0C4090000A7AD /* LaunchScreen.storyboard in Resources */,
				EF16ACB622F0C4090000A7AD /* Preview Assets.xcassets in Resources */,
				EF16ACB322F0C4090000A7AD /* Assets.xcassets in Resources */,
			);
			runOnlyForDeploymentPostprocessing = 0;
		};
/* End PBXResourcesBuildPhase section */

/* Begin PBXSourcesBuildPhase section */
		EF16ACA522F0C4060000A7AD /* Sources */ = {
			isa = PBXSourcesBuildPhase;
			buildActionMask = 2147483647;
			files = (
				EF16ACAD22F0C4060000A7AD /* AppDelegate.swift in Sources */,
				EF16ACAF22F0C4060000A7AD /* SceneDelegate.swift in Sources */,
			);
			runOnlyForDeploymentPostprocessing = 0;
		};
/* End PBXSourcesBuildPhase section */

/* Begin PBXVariantGroup section */
		EF16ACB722F0C4090000A7AD /* LaunchScreen.storyboard */ = {
			isa = PBXVariantGroup;
			children = (
				EF16ACB822F0C4090000A7AD /* Base */,
			);
			name = LaunchScreen.storyboard;
			sourceTree = "<group>";
		};
/* End PBXVariantGroup section */

/* Begin XCBuildConfiguration section */
		EF16ACD122F0C4090000A7AD /* Debug */ = {
			isa = XCBuildConfiguration;
			buildSettings = {
				ALWAYS_SEARCH_USER_PATHS = NO;
				CLANG_ANALYZER_NONNULL = YES;
				CLANG_ANALYZER_NUMBER_OBJECT_CONVERSION = YES_AGGRESSIVE;
				CLANG_CXX_LANGUAGE_STANDARD = "gnu++14";
				CLANG_CXX_LIBRARY = "libc++";
				CLANG_ENABLE_MODULES = YES;
				CLANG_ENABLE_OBJC_ARC = YES;
				CLANG_ENABLE_OBJC_WEAK = YES;
				CLANG_WARN_BLOCK_CAPTURE_AUTORELEASING = YES;
				CLANG_WARN_BOOL_CONVERSION = YES;
				CLANG_WARN_COMMA = YES;
				CLANG_WARN_CONSTANT_CONVERSION = YES;
				CLANG_WARN_DEPRECATED_OBJC_IMPLEMENTATIONS = YES;
				CLANG_WARN_DIRECT_OBJC_ISA_USAGE = YES_ERROR;
				CLANG_WARN_DOCUMENTATION_COMMENTS = YES;
				CLANG_WARN_EMPTY_BODY = YES;
				CLANG_WARN_ENUM_CONVERSION = YES;
				CLANG_WARN_INFINITE_RECURSION = YES;
				CLANG_WARN_INT_CONVERSION = YES;
				CLANG_WARN_NON_LITERAL_NULL_CONVERSION = YES;
				CLANG_WARN_OBJC_IMPLICIT_RETAIN_SELF = YES;
				CLANG_WARN_OBJC_LITERAL_CONVERSION = YES;
				CLANG_WARN_OBJC_ROOT_CLASS = YES_ERROR;
				CLANG_WARN_QUOTED_INCLUDE_IN_FRAMEWORK_HEADER = YES;
				CLANG_WARN_RANGE_LOOP_ANALYSIS = YES;
				CLANG_WARN_STRICT_PROTOTYPES = YES;
				CLANG_WARN_SUSPICIOUS_MOVE = YES;
				CLANG_WARN_UNGUARDED_AVAILABILITY = YES_AGGRESSIVE;
				CLANG_WARN_UNREACHABLE_CODE = YES;
				CLANG_WARN__DUPLICATE_METHOD_MATCH = YES;
				COPY_PHASE_STRIP = NO;
				DEBUG_INFORMATION_FORMAT = dwarf;
				ENABLE_STRICT_OBJC_MSGSEND = YES;
				ENABLE_TESTABILITY = YES;
				GCC_C_LANGUAGE_STANDARD = gnu11;
				GCC_DYNAMIC_NO_PIC = NO;
				GCC_NO_COMMON_BLOCKS = YES;
				GCC_OPTIMIZATION_LEVEL = 0;
				GCC_PREPROCESSOR_DEFINITIONS = (
					"DEBUG=1",
					"$(inherited)",
				);
				GCC_WARN_64_TO_32_BIT_CONVERSION = YES;
				GCC_WARN_ABOUT_RETURN_TYPE = YES_ERROR;
				GCC_WARN_UNDECLARED_SELECTOR = YES;
				GCC_WARN_UNINITIALIZED_AUTOS = YES_AGGRESSIVE;
				GCC_WARN_UNUSED_FUNCTION = YES;
				GCC_WARN_UNUSED_VARIABLE = YES;
				IPHONEOS_DEPLOYMENT_TARGET = 14.0;
				MTL_ENABLE_DEBUG_INFO = INCLUDE_SOURCE;
				MTL_FAST_MATH = YES;
				ONLY_ACTIVE_ARCH = YES;
				SDKROOT = iphoneos;
				SWIFT_ACTIVE_COMPILATION_CONDITIONS = DEBUG;
				SWIFT_OPTIMIZATION_LEVEL = "-Onone";
				SWIFT_VERSION = 5.0;
			};
			name = Debug;
		};
		EF16ACD222F0C4090000A7AD /* Release */ = {
			isa = XCBuildConfiguration;
			buildSettings = {
				ALWAYS_SEARCH_USER_PATHS = NO;
				CLANG_ANALYZER_NONNULL = YES;
				CLANG_ANALYZER_NUMBER_OBJECT_CONVERSION = YES_AGGRESSIVE;
				CLANG_CXX_LANGUAGE_STANDARD = "gnu++14";
				CLANG_CXX_LIBRARY = "libc++";
				CLANG_ENABLE_MODULES = YES;
				CLANG_ENABLE_OBJC_ARC = YES;
				CLANG_ENABLE_OBJC_WEAK = YES;
				CLANG_WARN_BLOCK_CAPTURE_AUTORELEASING = YES;
				CLANG_WARN_BOOL_CONVERSION = YES;
				CLANG_WARN_COMMA = YES;
				CLANG_WARN_CONSTANT_CONVERSION = YES;
				CLANG_WARN_DEPRECATED_OBJC_IMPLEMENTATIONS = YES;
				CLANG_WARN_DIRECT_OBJC_ISA_USAGE = YES_ERROR;
				CLANG_WARN_DOCUMENTATION_COMMENTS = YES;
				CLANG_WARN_EMPTY_BODY = YES;
				CLANG_WARN_ENUM_CONVERSION = YES;
				CLANG_WARN_INFINITE_RECURSION = YES;
				CLANG_WARN_INT_CONVERSION = YES;
				CLANG_WARN_NON_LITERAL_NULL_CONVERSION = YES;
				CLANG_WARN_OBJC_IMPLICIT_RETAIN_SELF = YES;
				CLANG_WARN_OBJC_LITERAL_CONVERSION = YES;
				CLANG_WARN_OBJC_ROOT_CLASS = YES_ERROR;
				CLANG_WARN_QUOTED_INCLUDE_IN_FRAMEWORK_HEADER = YES;
				CLANG_WARN_RANGE_LOOP_ANALYSIS = YES;
				CLANG_WARN_STRICT_PROTOTYPES = YES;
				CLANG_WARN_SUSPICIOUS_MOVE = YES;
				CLANG_WARN_UNGUARDED_AVAILABILITY = YES_AGGRESSIVE;
				CLANG_WARN_UNREACHABLE_CODE = YES;
				CLANG_WARN__DUPLICATE_METHOD_MATCH = YES;
				COPY_PHASE_STRIP = NO;
				DEBUG_INFORMATION_FORMAT = "dwarf-with-dsym";
				ENABLE_NS_ASSERTIONS = NO;
				ENABLE_STRICT_OBJC_MSGSEND = YES;
				GCC_C_LANGUAGE_STANDARD = gnu11;
				GCC_NO_COMMON_BLOCKS = YES;
				GCC_WARN_64_TO_32_BIT_CONVERSION = YES;
				GCC_WARN_ABOUT_RETURN_TYPE = YES_ERROR;
				GCC_WARN_UNDECLARED_SELECTOR = YES;
				GCC_WARN_UNINITIALIZED_AUTOS = YES_AGGRESSIVE;
				GCC_WARN_UNUSED_FUNCTION = YES;
				GCC_WARN_UNUSED_VARIABLE = YES;
				IPHONEOS_DEPLOYMENT_TARGET = 14.0;
				MTL_ENABLE_DEBUG_INFO = NO;
				MTL_FAST_MATH = YES;
				SDKROOT = iphoneos;
				SWIFT_COMPILATION_MODE = wholemodule;
				SWIFT_OPTIMIZATION_LEVEL = "-O";
				SWIFT_VERSION = 5.0;
				VALIDATE_PRODUCT = YES;
			};
			name = Release;
		};
		EF16ACD422F0C4090000A7AD /* Debug */ = {
			isa = XCBuildConfiguration;
			buildSettings = {
				ASSETCATALOG_COMPILER_APPICON_NAME = AppIcon;
				CODE_SIGN_STYLE = Automatic;
				DEVELOPMENT_ASSET_PATHS = "Kik/Preview\\ Content";
				DEVELOPMENT_TEAM = KF62RW5R42;
				ENABLE_PREVIEWS = YES;
				INFOPLIST_FILE = Kik/Info.plist;
				LD_RUNPATH_SEARCH_PATHS = (
					"$(inherited)",
					"@executable_path/Frameworks",
				);
				PRODUCT_BUNDLE_IDENTIFIER = com.lekko.technologiczni.Kik;
				PRODUCT_NAME = "$(TARGET_NAME)";
				SWIFT_VERSION = 5.0;
				TARGETED_DEVICE_FAMILY = "1,2";
			};
			name = Debug;
		};
		EF16ACD522F0C4090000A7AD /* Release */ = {
			isa = XCBuildConfiguration;
			buildSettings = {
				ASSETCATALOG_COMPILER_APPICON_NAME = AppIcon;
				CODE_SIGN_STYLE = Automatic;
				DEVELOPMENT_ASSET_PATHS = "Kik/Preview\\ Content";
				DEVELOPMENT_TEAM = KF62RW5R42;
				ENABLE_PREVIEWS = YES;
				INFOPLIST_FILE = Kik/Info.plist;
				LD_RUNPATH_SEARCH_PATHS = (
					"$(inherited)",
					"@executable_path/Frameworks",
				);
				PRODUCT_BUNDLE_IDENTIFIER = com.lekko.technologiczni.Kik;
				PRODUCT_NAME = "$(TARGET_NAME)";
				SWIFT_VERSION = 5.0;
				TARGETED_DEVICE_FAMILY = "1,2";
			};
			name = Release;
		};
/* End XCBuildConfiguration section */

/* Begin XCConfigurationList section */
		EF16ACA422F0C4060000A7AD /* Build configuration list for PBXProject "Kik" */ = {
			isa = XCConfigurationList;
			buildConfigurations = (
				EF16ACD122F0C4090000A7AD /* Debug */,
				EF16ACD222F0C4090000A7AD /* Release */,
			);
			defaultConfigurationIsVisible = 0;
			defaultConfigurationName = Release;
		};
		EF16ACD322F0C4090000A7AD /* Build configuration list for PBXNativeTarget "Kik" */ = {
			isa = XCConfigurationList;
			buildConfigurations = (
				EF16ACD422F0C4090000A7AD /* Debug */,
				EF16ACD522F0C4090000A7AD /* Release */,
			);
			defaultConfigurationIsVisible = 0;
			defaultConfigurationName = Release;
		};
/* End XCConfigurationList section */

/* Begin XCSwiftPackageProductDependency section */
		CCBDFC7524D74A5C00D758CB /* KikApplication */ = {
			isa = XCSwiftPackageProductDependency;
			productName = KikApplication;
		};
/* End XCSwiftPackageProductDependency section */
	};
	rootObject = EF16ACA122F0C4060000A7AD /* Project object */;
}
