{
  "object": {
    "pins": [
      {
        "package": "OptionalAPI",
        "repositoryURL": "https://github.com/sloik/OptionalAPI.git",
        "state": {
          "branch": "master",
          "revision": "381c72f8ab4ad072adc40d6c795ecfc2fbb53085",
          "version": null
        }
      },
      {
        "package": "Prelude",
        "repositoryURL": "https://github.com/pointfreeco/swift-prelude.git",
        "state": {
          "branch": "main",
          "revision": "0ec0a56bb99911647d2081f99a6f6c9699a6a646",
          "version": null
        }
      },
      {
        "package": "SnapshotTesting",
        "repositoryURL": "https://github.com/pointfreeco/swift-snapshot-testing.git",
        "state": {
          "branch": null,
          "revision": "2fd91357e90efe82bfa6845d1e7d5bc2f5025d35",
          "version": "1.8.1"
        }
      }
    ]
  },
  "version": 1
}
